
Microsoft Visual Studio Solution File, Format Version 12.00
# Blend for Visual Studio Version 16
VisualStudioVersion = 16.0.31515.178
MinimumVisualStudioVersion = 10.0.40219.1
Project("{9A19103F-16F7-4668-BE54-9A1E7A4F7556}") = "Listbox", "Listbox\Listbox.csproj", "{BAE4127F-7BC1-43C7-A22C-2717A8DC0D4A}"
EndProject
Global
	GlobalSection(SolutionConfigurationPlatforms) = preSolution
		Debug|Any CPU = Debug|Any CPU
		Release|Any CPU = Release|Any CPU
	EndGlobalSection
	GlobalSection(ProjectConfigurationPlatforms) = postSolution
		{BAE4127F-7BC1-43C7-A22C-2717A8DC0D4A}.Debug|Any CPU.ActiveCfg = Debug|Any CPU
		{BAE4127F-7BC1-43C7-A22C-2717A8DC0D4A}.Debug|Any CPU.Build.0 = Debug|Any CPU
		{BAE4127F-7BC1-43C7-A22C-2717A8DC0D4A}.Release|Any CPU.ActiveCfg = Release|Any CPU
		{BAE4127F-7BC1-43C7-A22C-2717A8DC0D4A}.Release|Any CPU.Build.0 = Release|Any CPU
	EndGlobalSection
	GlobalSection(SolutionProperties) = preSolution
		HideSolutionNode = FALSE
	EndGlobalSection
	GlobalSection(ExtensibilityGlobals) = postSolution
		SolutionGuid = {AFD2EE5C-BD8F-4E2D-832E-87F2EBA07012}
	EndGlobalSection
EndGlobal
